
Microsoft Visual Studio Solution File, Format Version 12.00
# Visual Studio 2013
VisualStudioVersion = 12.0.30501.0
MinimumVisualStudioVersion = 10.0.40219.1
Project("{FAE04EC0-301F-11D3-BF4B-00C04F79EFBC}") = "ConsoleAppJuly2", "ConsoleAppJuly2\ConsoleAppJuly2.csproj", "{3BB3FE9C-2BD4-4AF4-B310-456FF4B9FAED}"
EndProject
Project("{FAE04EC0-301F-11D3-BF4B-00C04F79EFBC}") = "ConsoleAppJuly2.02", "ConsoleAppJuly2.02\ConsoleAppJuly2.02.csproj", "{09BDC15C-C276-4470-B89E-8F0FA35EBE82}"
EndProject
Project("{FAE04EC0-301F-11D3-BF4B-00C04F79EFBC}") = "ConsoleAppJuly02.03", "ConsoleAppJuly02.03\ConsoleAppJuly02.03.csproj", "{20744CA3-702C-47F6-AA2A-F23D2CAF0B26}"
EndProject
Global
	GlobalSection(SolutionConfigurationPlatforms) = preSolution
		Debug|Any CPU = Debug|Any CPU
		Release|Any CPU = Release|Any CPU
	EndGlobalSection
	GlobalSection(ProjectConfigurationPlatforms) = postSolution
		{3BB3FE9C-2BD4-4AF4-B310-456FF4B9FAED}.Debug|Any CPU.ActiveCfg = Debug|Any CPU
		{3BB3FE9C-2BD4-4AF4-B310-456FF4B9FAED}.Debug|Any CPU.Build.0 = Debug|Any CPU
		{3BB3FE9C-2BD4-4AF4-B310-456FF4B9FAED}.Release|Any CPU.ActiveCfg = Release|Any CPU
		{3BB3FE9C-2BD4-4AF4-B310-456FF4B9FAED}.Release|Any CPU.Build.0 = Release|Any CPU
		{09BDC15C-C276-4470-B89E-8F0FA35EBE82}.Debug|Any CPU.ActiveCfg = Debug|Any CPU
		{09BDC15C-C276-4470-B89E-8F0FA35EBE82}.Debug|Any CPU.Build.0 = Debug|Any CPU
		{09BDC15C-C276-4470-B89E-8F0FA35EBE82}.Release|Any CPU.ActiveCfg = Release|Any CPU
		{09BDC15C-C276-4470-B89E-8F0FA35EBE82}.Release|Any CPU.Build.0 = Release|Any CPU
		{20744CA3-702C-47F6-AA2A-F23D2CAF0B26}.Debug|Any CPU.ActiveCfg = Debug|Any CPU
		{20744CA3-702C-47F6-AA2A-F23D2CAF0B26}.Debug|Any CPU.Build.0 = Debug|Any CPU
		{20744CA3-702C-47F6-AA2A-F23D2CAF0B26}.Release|Any CPU.ActiveCfg = Release|Any CPU
		{20744CA3-702C-47F6-AA2A-F23D2CAF0B26}.Release|Any CPU.Build.0 = Release|Any CPU
	EndGlobalSection
	GlobalSection(SolutionProperties) = preSolution
		HideSolutionNode = FALSE
	EndGlobalSection
EndGlobal
